// !$*UTF8*$!
{
 archiveVersion = 1;
 classes = {};
 objectVersion = 60;
 objects = {
  04253A47EE5F39F2313B5713 = { isa = PBXFileReference; lastKnownFileType = file; path = "MonFlorian/Resources/japan-10-days.json"; sourceTree = SOURCE_ROOT; };
  05B170CC1D84D8F7AA551F57 = { isa = XCConfigurationList; buildConfigurations = (F268881ED84096B05D4AECA6, EED0BCC9AE857664375675C3); defaultConfigurationIsVisible = 0; defaultConfigurationName = Release; };
  08229D6C5D936096136558B8 = { isa = PBXFileReference; lastKnownFileType = file; path = "MonFlorian/Resources/image-arashiyama-river.webp"; sourceTree = SOURCE_ROOT; };
  083610E6713305E8DF11125E = { isa = PBXBuildFile; fileRef = 6F3695F8C8BD276E8F1AA265; };
  0D8ADC0CA04EE9C69AC36CFE = { isa = PBXGroup; children = (8AD5B3579BF0E8A81A772804, 8D86F99311D6ECBE54B880C5, F85922F3E9495B2E9F76400C, 8349D2685F6257B9B64EC3C0, E838468336E6D1B328EC3D24, F31B5F04C43B92322F8F7845, 172CFA648011F127CFBFA145, BA162AE42218C1216655082F, A421F84A41B36FC1D3FE4672, 6F3695F8C8BD276E8F1AA265, 4D9C8FDD1EDE53A2AEFE1221, 08229D6C5D936096136558B8, 49ED03033D5C5FC0AF67B9E3, 5335C51955FB1BFF6020C294, ECADA392634183E85302309C, 6A722DCDF1E3C55391CFFEC1, 04253A47EE5F39F2313B5713, C3BAEE1F0EA3126192F4FFDE, 20F242A43F951BE310E2CAA2, 2AC678E455C9E0795F02B84F); name = "MonFlorian"; sourceTree = "<group>"; };
  1408713C300449B157AFB3C9 = { isa = PBXTargetDependency; target = C427A059BF771B01DCED833C; targetProxy = FAABD965BABF9F7A372CDF8D; };
  172CFA648011F127CFBFA145 = { isa = PBXFileReference; lastKnownFileType = sourcecode.swift; path = "MonFlorian/PhotoPreparer.swift"; sourceTree = SOURCE_ROOT; };
  19C9749A6E519800EB8DC175 = { isa = PBXBuildFile; fileRef = 24EB806E5D8AB6759E1CCE11; };
  1C9C3E0E85B615998F65AD42 = { isa = PBXBuildFile; fileRef = 04253A47EE5F39F2313B5713; };
  204A22DC86FF53B3EE84C596 = { isa = PBXBuildFile; fileRef = 8AD5B3579BF0E8A81A772804; };
  20F242A43F951BE310E2CAA2 = { isa = PBXFileReference; lastKnownFileType = folder.assetcatalog; path = "MonFlorian/Assets.xcassets"; sourceTree = SOURCE_ROOT; };
  244210E48437B6556980A702 = { isa = PBXProject; attributes = { BuildIndependentTargetsInParallel = YES; LastUpgradeCheck = 2660; }; buildConfigurationList = 76F8DEC3DFE0BDB465198890; compatibilityVersion = "Xcode 16.0"; developmentRegion = fr; hasScannedForEncodings = 0; knownRegions = (fr, en, Base); mainGroup = B7D254EB3B7E050790C246FB; productRefGroup = AE7805B56D1DCAFAA071416F; projectDirPath = ""; projectRoot = ""; targets = (C427A059BF771B01DCED833C, 47C654FEBA16A43D3EA3C8AB, AC7E668A042C4E853ADA6ED3); };
  248B5684303A7557B3D89F7D = { isa = PBXContainerItemProxy; containerPortal = 244210E48437B6556980A702; proxyType = 1; remoteGlobalIDString = C427A059BF771B01DCED833C; remoteInfo = MonFlorian; };
  24EB806E5D8AB6759E1CCE11 = { isa = PBXFileReference; lastKnownFileType = sourcecode.swift; path = "MonFlorianTests/MonFlorianTests.swift"; sourceTree = SOURCE_ROOT; };
  2AC678E455C9E0795F02B84F = { isa = PBXFileReference; lastKnownFileType = text.xml; path = "MonFlorian/PrivacyInfo.xcprivacy"; sourceTree = SOURCE_ROOT; };
  2E7768B9D19A17DB1CCF5881 = { isa = PBXBuildFile; fileRef = 5335C51955FB1BFF6020C294; };
  2FA2EEE20CA560A810B3A312 = { isa = PBXResourcesBuildPhase; buildActionMask = 2147483647; files = (083610E6713305E8DF11125E, 531D96A6F6EE27DFB9796FCA, E527888C3E18B6F6FA7273FD, 53212B011D00FDB75830CF29, 2E7768B9D19A17DB1CCF5881, 9E4A99B7FBAD0A7B2CDF5F42, C97A1005B520AB6D4239D9BE, 1C9C3E0E85B615998F65AD42, 610EC4AD5DD717499B930FFB, 8936E90DB3BBEE3BAFDCDD7A, 56A3DC49FBD39804EE7CB4B5); runOnlyForDeploymentPostprocessing = 0; };
  31F76546A3D4B261DF4DD1C9 = { isa = PBXGroup; children = (24EB806E5D8AB6759E1CCE11); name = "MonFlorianTests"; sourceTree = "<group>"; };
  3526E3C6D58D215397B7568B = { isa = PBXSourcesBuildPhase; buildActionMask = 2147483647; files = (19C9749A6E519800EB8DC175); runOnlyForDeploymentPostprocessing = 0; };
  35D244FDAD91D7D3BF68FAA7 = { isa = PBXGroup; children = (94BA10384703046002206F6E); name = "MonFlorianUITests"; sourceTree = "<group>"; };
  3CCE7051BAA1B8E65CDEECD3 = { isa = XCBuildConfiguration; buildSettings = { SDKROOT = iphoneos; CLANG_ENABLE_MODULES = YES; CLANG_ENABLE_OBJC_ARC = YES; ENABLE_TESTABILITY = YES; DEBUG_INFORMATION_FORMAT = dwarf; }; name = Debug; };
  3F18D81A0F83B54C18216310 = { isa = XCBuildConfiguration; buildSettings = { PRODUCT_NAME = "$(TARGET_NAME)"; PRODUCT_BUNDLE_IDENTIFIER = "com.monflorian.ios.MonFlorianTests"; SWIFT_VERSION = "6.0"; IPHONEOS_DEPLOYMENT_TARGET = "18.0"; TARGETED_DEVICE_FAMILY = "1,2"; GENERATE_INFOPLIST_FILE = "YES"; CODE_SIGN_STYLE = "Automatic"; CURRENT_PROJECT_VERSION = "1"; MARKETING_VERSION = "0.1.0"; SWIFT_STRICT_CONCURRENCY = "complete"; SWIFT_OPTIMIZATION_LEVEL = "-O"; SWIFT_ACTIVE_COMPILATION_CONDITIONS = ""; LD_RUNPATH_SEARCH_PATHS = "$(inherited) @executable_path/Frameworks @loader_path/Frameworks"; SUPPORTED_PLATFORMS = "iphoneos iphonesimulator"; SUPPORTS_MACCATALYST = "NO"; TEST_HOST = "$(BUILT_PRODUCTS_DIR)/MonFlorian.app/$(BUNDLE_EXECUTABLE_FOLDER_PATH)/MonFlorian"; BUNDLE_LOADER = "$(TEST_HOST)"; }; name = Release; };
  4162F1296DD6DBA7B634C9A9 = { isa = PBXFrameworksBuildPhase; buildActionMask = 2147483647; files = (); runOnlyForDeploymentPostprocessing = 0; };
  46A0A012807B62D5DC02D819 = { isa = PBXBuildFile; fileRef = BA162AE42218C1216655082F; };
  47C654FEBA16A43D3EA3C8AB = { isa = PBXNativeTarget; buildConfigurationList = 6BC591CFB1023839A5709453; buildPhases = (3526E3C6D58D215397B7568B, 4162F1296DD6DBA7B634C9A9, FA844538C6389F8FD2FAFEBA); buildRules = (); dependencies = (FD497BCB472987DBB4C24DBD); name = MonFlorianTests; productName = MonFlorianTests; productReference = 62C70AE0F75C5DA922258899; productType = "com.apple.product-type.bundle.unit-test"; };
  49ED03033D5C5FC0AF67B9E3 = { isa = PBXFileReference; lastKnownFileType = file; path = "MonFlorian/Resources/image-hakone-ryokan.webp"; sourceTree = SOURCE_ROOT; };
  4D9C8FDD1EDE53A2AEFE1221 = { isa = PBXFileReference; lastKnownFileType = file; path = "MonFlorian/Resources/guides.json"; sourceTree = SOURCE_ROOT; };
  531D96A6F6EE27DFB9796FCA = { isa = PBXBuildFile; fileRef = 4D9C8FDD1EDE53A2AEFE1221; };
  53212B011D00FDB75830CF29 = { isa = PBXBuildFile; fileRef = 49ED03033D5C5FC0AF67B9E3; };
  5335C51955FB1BFF6020C294 = { isa = PBXFileReference; lastKnownFileType = file; path = "MonFlorian/Resources/image-kyoto-higashiyama.webp"; sourceTree = SOURCE_ROOT; };
  56A3DC49FBD39804EE7CB4B5 = { isa = PBXBuildFile; fileRef = 2AC678E455C9E0795F02B84F; };
  5A66BC3E00F225070EB1C510 = { isa = PBXFileReference; explicitFileType = wrapper.cfbundle; includeInIndex = 0; path = "MonFlorianUITests.xctest"; sourceTree = BUILT_PRODUCTS_DIR; };
  5F55FEB214BC4500A40BB31A = { isa = PBXFrameworksBuildPhase; buildActionMask = 2147483647; files = (); runOnlyForDeploymentPostprocessing = 0; };
  60F07B0B751537F7FFD0019F = { isa = PBXBuildFile; fileRef = F31B5F04C43B92322F8F7845; };
  610EC4AD5DD717499B930FFB = { isa = PBXBuildFile; fileRef = C3BAEE1F0EA3126192F4FFDE; };
  62C70AE0F75C5DA922258899 = { isa = PBXFileReference; explicitFileType = wrapper.cfbundle; includeInIndex = 0; path = "MonFlorianTests.xctest"; sourceTree = BUILT_PRODUCTS_DIR; };
  6A722DCDF1E3C55391CFFEC1 = { isa = PBXFileReference; lastKnownFileType = file; path = "MonFlorian/Resources/image-tokyo-garden.webp"; sourceTree = SOURCE_ROOT; };
  6BC591CFB1023839A5709453 = { isa = XCConfigurationList; buildConfigurations = (91A716D64642894699F6110B, 3F18D81A0F83B54C18216310); defaultConfigurationIsVisible = 0; defaultConfigurationName = Release; };
  6F3695F8C8BD276E8F1AA265 = { isa = PBXFileReference; lastKnownFileType = file; path = "MonFlorian/Resources/florian.png"; sourceTree = SOURCE_ROOT; };
  71E586DE306B9EE2A379BED4 = { isa = PBXBuildFile; fileRef = E838468336E6D1B328EC3D24; };
  76F8DEC3DFE0BDB465198890 = { isa = XCConfigurationList; buildConfigurations = (3CCE7051BAA1B8E65CDEECD3, EB9B6A82A6FECD10C0E43155); defaultConfigurationIsVisible = 0; defaultConfigurationName = Release; };
  7C52A140499DCFD73D6995F0 = { isa = PBXSourcesBuildPhase; buildActionMask = 2147483647; files = (204A22DC86FF53B3EE84C596, C046BE45047FDEE8FFFAA9F6, 7FD17A476E133EB2C9C956A2, A0357AB717DE735FAD143510, 71E586DE306B9EE2A379BED4, 60F07B0B751537F7FFD0019F, B8A81B97E379E21122017DC4, 46A0A012807B62D5DC02D819, 822B05BE48C8792B1C672060); runOnlyForDeploymentPostprocessing = 0; };
  7FD17A476E133EB2C9C956A2 = { isa = PBXBuildFile; fileRef = F85922F3E9495B2E9F76400C; };
  822B05BE48C8792B1C672060 = { isa = PBXBuildFile; fileRef = A421F84A41B36FC1D3FE4672; };
  8349D2685F6257B9B64EC3C0 = { isa = PBXFileReference; lastKnownFileType = sourcecode.swift; path = "MonFlorian/Generated/APIContract.swift"; sourceTree = SOURCE_ROOT; };
  8936E90DB3BBEE3BAFDCDD7A = { isa = PBXBuildFile; fileRef = 20F242A43F951BE310E2CAA2; };
  89DB2CCEB5531B7ABD08891F = { isa = PBXSourcesBuildPhase; buildActionMask = 2147483647; files = (DE13B4EE6FCD948615F73582); runOnlyForDeploymentPostprocessing = 0; };
  8AD5B3579BF0E8A81A772804 = { isa = PBXFileReference; lastKnownFileType = sourcecode.swift; path = "MonFlorian/APIClient.swift"; sourceTree = SOURCE_ROOT; };
  8D86F99311D6ECBE54B880C5 = { isa = PBXFileReference; lastKnownFileType = sourcecode.swift; path = "MonFlorian/AppState.swift"; sourceTree = SOURCE_ROOT; };
  9193527BF0B6591F6CB4321E = { isa = PBXFileReference; explicitFileType = wrapper.application; includeInIndex = 0; path = "MonFlorian.app"; sourceTree = BUILT_PRODUCTS_DIR; };
  91A716D64642894699F6110B = { isa = XCBuildConfiguration; buildSettings = { PRODUCT_NAME = "$(TARGET_NAME)"; PRODUCT_BUNDLE_IDENTIFIER = "com.monflorian.ios.MonFlorianTests"; SWIFT_VERSION = "6.0"; IPHONEOS_DEPLOYMENT_TARGET = "18.0"; TARGETED_DEVICE_FAMILY = "1,2"; GENERATE_INFOPLIST_FILE = "YES"; CODE_SIGN_STYLE = "Automatic"; CURRENT_PROJECT_VERSION = "1"; MARKETING_VERSION = "0.1.0"; SWIFT_STRICT_CONCURRENCY = "complete"; SWIFT_OPTIMIZATION_LEVEL = "-Onone"; SWIFT_ACTIVE_COMPILATION_CONDITIONS = "DEBUG"; LD_RUNPATH_SEARCH_PATHS = "$(inherited) @executable_path/Frameworks @loader_path/Frameworks"; SUPPORTED_PLATFORMS = "iphoneos iphonesimulator"; SUPPORTS_MACCATALYST = "NO"; TEST_HOST = "$(BUILT_PRODUCTS_DIR)/MonFlorian.app/$(BUNDLE_EXECUTABLE_FOLDER_PATH)/MonFlorian"; BUNDLE_LOADER = "$(TEST_HOST)"; }; name = Debug; };
  94BA10384703046002206F6E = { isa = PBXFileReference; lastKnownFileType = sourcecode.swift; path = "MonFlorianUITests/MonFlorianUITests.swift"; sourceTree = SOURCE_ROOT; };
  9E4A99B7FBAD0A7B2CDF5F42 = { isa = PBXBuildFile; fileRef = ECADA392634183E85302309C; };
  A0357AB717DE735FAD143510 = { isa = PBXBuildFile; fileRef = 8349D2685F6257B9B64EC3C0; };
  A421F84A41B36FC1D3FE4672 = { isa = PBXFileReference; lastKnownFileType = sourcecode.swift; path = "MonFlorian/PurchaseService.swift"; sourceTree = SOURCE_ROOT; };
  AC7E668A042C4E853ADA6ED3 = { isa = PBXNativeTarget; buildConfigurationList = B3A81F0D87FA8F8E5CDBB5D5; buildPhases = (89DB2CCEB5531B7ABD08891F, 5F55FEB214BC4500A40BB31A, FD2F09899A832C956A29078E); buildRules = (); dependencies = (1408713C300449B157AFB3C9); name = MonFlorianUITests; productName = MonFlorianUITests; productReference = 5A66BC3E00F225070EB1C510; productType = "com.apple.product-type.bundle.ui-testing"; };
  AE7805B56D1DCAFAA071416F = { isa = PBXGroup; children = (9193527BF0B6591F6CB4321E, 62C70AE0F75C5DA922258899, 5A66BC3E00F225070EB1C510); name = "Products"; sourceTree = "<group>"; };
  B1129D786045D7E2D90CE283 = { isa = PBXFrameworksBuildPhase; buildActionMask = 2147483647; files = (); runOnlyForDeploymentPostprocessing = 0; };
  B3A81F0D87FA8F8E5CDBB5D5 = { isa = XCConfigurationList; buildConfigurations = (B50C595291D98787D2DF5163, E42CC1AFAE9F78C93BA1E002); defaultConfigurationIsVisible = 0; defaultConfigurationName = Release; };
  B50C595291D98787D2DF5163 = { isa = XCBuildConfiguration; buildSettings = { PRODUCT_NAME = "$(TARGET_NAME)"; PRODUCT_BUNDLE_IDENTIFIER = "com.monflorian.ios.MonFlorianUITests"; SWIFT_VERSION = "6.0"; IPHONEOS_DEPLOYMENT_TARGET = "18.0"; TARGETED_DEVICE_FAMILY = "1,2"; GENERATE_INFOPLIST_FILE = "YES"; CODE_SIGN_STYLE = "Automatic"; CURRENT_PROJECT_VERSION = "1"; MARKETING_VERSION = "0.1.0"; SWIFT_STRICT_CONCURRENCY = "complete"; SWIFT_OPTIMIZATION_LEVEL = "-Onone"; SWIFT_ACTIVE_COMPILATION_CONDITIONS = "DEBUG"; LD_RUNPATH_SEARCH_PATHS = "$(inherited) @executable_path/Frameworks @loader_path/Frameworks"; SUPPORTED_PLATFORMS = "iphoneos iphonesimulator"; SUPPORTS_MACCATALYST = "NO"; TEST_TARGET_NAME = "MonFlorian"; }; name = Debug; };
  B7D254EB3B7E050790C246FB = { isa = PBXGroup; children = (0D8ADC0CA04EE9C69AC36CFE, 31F76546A3D4B261DF4DD1C9, 35D244FDAD91D7D3BF68FAA7, AE7805B56D1DCAFAA071416F); name = "Mon Florian"; sourceTree = "<group>"; };
  B8A81B97E379E21122017DC4 = { isa = PBXBuildFile; fileRef = 172CFA648011F127CFBFA145; };
  BA162AE42218C1216655082F = { isa = PBXFileReference; lastKnownFileType = sourcecode.swift; path = "MonFlorian/PlannerViews.swift"; sourceTree = SOURCE_ROOT; };
  C046BE45047FDEE8FFFAA9F6 = { isa = PBXBuildFile; fileRef = 8D86F99311D6ECBE54B880C5; };
  C3BAEE1F0EA3126192F4FFDE = { isa = PBXFileReference; lastKnownFileType = file; path = "MonFlorian/Resources/wordmark.png"; sourceTree = SOURCE_ROOT; };
  C427A059BF771B01DCED833C = { isa = PBXNativeTarget; buildConfigurationList = 05B170CC1D84D8F7AA551F57; buildPhases = (7C52A140499DCFD73D6995F0, B1129D786045D7E2D90CE283, 2FA2EEE20CA560A810B3A312); buildRules = (); dependencies = (); name = MonFlorian; productName = MonFlorian; productReference = 9193527BF0B6591F6CB4321E; productType = "com.apple.product-type.application"; };
  C97A1005B520AB6D4239D9BE = { isa = PBXBuildFile; fileRef = 6A722DCDF1E3C55391CFFEC1; };
  DE13B4EE6FCD948615F73582 = { isa = PBXBuildFile; fileRef = 94BA10384703046002206F6E; };
  E42CC1AFAE9F78C93BA1E002 = { isa = XCBuildConfiguration; buildSettings = { PRODUCT_NAME = "$(TARGET_NAME)"; PRODUCT_BUNDLE_IDENTIFIER = "com.monflorian.ios.MonFlorianUITests"; SWIFT_VERSION = "6.0"; IPHONEOS_DEPLOYMENT_TARGET = "18.0"; TARGETED_DEVICE_FAMILY = "1,2"; GENERATE_INFOPLIST_FILE = "YES"; CODE_SIGN_STYLE = "Automatic"; CURRENT_PROJECT_VERSION = "1"; MARKETING_VERSION = "0.1.0"; SWIFT_STRICT_CONCURRENCY = "complete"; SWIFT_OPTIMIZATION_LEVEL = "-O"; SWIFT_ACTIVE_COMPILATION_CONDITIONS = ""; LD_RUNPATH_SEARCH_PATHS = "$(inherited) @executable_path/Frameworks @loader_path/Frameworks"; SUPPORTED_PLATFORMS = "iphoneos iphonesimulator"; SUPPORTS_MACCATALYST = "NO"; TEST_TARGET_NAME = "MonFlorian"; }; name = Release; };
  E527888C3E18B6F6FA7273FD = { isa = PBXBuildFile; fileRef = 08229D6C5D936096136558B8; };
  E838468336E6D1B328EC3D24 = { isa = PBXFileReference; lastKnownFileType = sourcecode.swift; path = "MonFlorian/Models.swift"; sourceTree = SOURCE_ROOT; };
  EB9B6A82A6FECD10C0E43155 = { isa = XCBuildConfiguration; buildSettings = { SDKROOT = iphoneos; CLANG_ENABLE_MODULES = YES; CLANG_ENABLE_OBJC_ARC = YES; ENABLE_TESTABILITY = YES; DEBUG_INFORMATION_FORMAT = dwarf; }; name = Release; };
  ECADA392634183E85302309C = { isa = PBXFileReference; lastKnownFileType = file; path = "MonFlorian/Resources/image-tokyo-evening.webp"; sourceTree = SOURCE_ROOT; };
  EED0BCC9AE857664375675C3 = { isa = XCBuildConfiguration; buildSettings = { PRODUCT_NAME = "$(TARGET_NAME)"; PRODUCT_BUNDLE_IDENTIFIER = "com.monflorian.ios"; SWIFT_VERSION = "6.0"; IPHONEOS_DEPLOYMENT_TARGET = "18.0"; TARGETED_DEVICE_FAMILY = "1,2"; GENERATE_INFOPLIST_FILE = "YES"; CODE_SIGN_STYLE = "Automatic"; CURRENT_PROJECT_VERSION = "1"; MARKETING_VERSION = "0.1.0"; SWIFT_STRICT_CONCURRENCY = "complete"; SWIFT_OPTIMIZATION_LEVEL = "-O"; SWIFT_ACTIVE_COMPILATION_CONDITIONS = ""; LD_RUNPATH_SEARCH_PATHS = "$(inherited) @executable_path/Frameworks @loader_path/Frameworks"; SUPPORTED_PLATFORMS = "iphoneos iphonesimulator"; SUPPORTS_MACCATALYST = "NO"; INFOPLIST_KEY_CFBundleDisplayName = "Mon Florian"; INFOPLIST_KEY_LSApplicationCategoryType = "public.app-category.travel"; INFOPLIST_KEY_UIApplicationSceneManifest_Generation = "YES"; INFOPLIST_KEY_UILaunchScreen_Generation = "YES"; INFOPLIST_KEY_UISupportedInterfaceOrientations_iPhone = "UIInterfaceOrientationPortrait UIInterfaceOrientationLandscapeLeft UIInterfaceOrientationLandscapeRight"; INFOPLIST_KEY_UISupportedInterfaceOrientations_iPad = "UIInterfaceOrientationPortrait UIInterfaceOrientationPortraitUpsideDown UIInterfaceOrientationLandscapeLeft UIInterfaceOrientationLandscapeRight"; ENABLE_PREVIEWS = "YES"; ASSETCATALOG_COMPILER_APPICON_NAME = "AppIcon"; }; name = Release; };
  F268881ED84096B05D4AECA6 = { isa = XCBuildConfiguration; buildSettings = { PRODUCT_NAME = "$(TARGET_NAME)"; PRODUCT_BUNDLE_IDENTIFIER = "com.monflorian.ios"; SWIFT_VERSION = "6.0"; IPHONEOS_DEPLOYMENT_TARGET = "18.0"; TARGETED_DEVICE_FAMILY = "1,2"; GENERATE_INFOPLIST_FILE = "YES"; CODE_SIGN_STYLE = "Automatic"; CURRENT_PROJECT_VERSION = "1"; MARKETING_VERSION = "0.1.0"; SWIFT_STRICT_CONCURRENCY = "complete"; SWIFT_OPTIMIZATION_LEVEL = "-Onone"; SWIFT_ACTIVE_COMPILATION_CONDITIONS = "DEBUG"; LD_RUNPATH_SEARCH_PATHS = "$(inherited) @executable_path/Frameworks @loader_path/Frameworks"; SUPPORTED_PLATFORMS = "iphoneos iphonesimulator"; SUPPORTS_MACCATALYST = "NO"; INFOPLIST_KEY_CFBundleDisplayName = "Mon Florian"; INFOPLIST_KEY_LSApplicationCategoryType = "public.app-category.travel"; INFOPLIST_KEY_UIApplicationSceneManifest_Generation = "YES"; INFOPLIST_KEY_UILaunchScreen_Generation = "YES"; INFOPLIST_KEY_UISupportedInterfaceOrientations_iPhone = "UIInterfaceOrientationPortrait UIInterfaceOrientationLandscapeLeft UIInterfaceOrientationLandscapeRight"; INFOPLIST_KEY_UISupportedInterfaceOrientations_iPad = "UIInterfaceOrientationPortrait UIInterfaceOrientationPortraitUpsideDown UIInterfaceOrientationLandscapeLeft UIInterfaceOrientationLandscapeRight"; ENABLE_PREVIEWS = "YES"; ASSETCATALOG_COMPILER_APPICON_NAME = "AppIcon"; }; name = Debug; };
  F31B5F04C43B92322F8F7845 = { isa = PBXFileReference; lastKnownFileType = sourcecode.swift; path = "MonFlorian/MonFlorianApp.swift"; sourceTree = SOURCE_ROOT; };
  F85922F3E9495B2E9F76400C = { isa = PBXFileReference; lastKnownFileType = sourcecode.swift; path = "MonFlorian/ExploreViews.swift"; sourceTree = SOURCE_ROOT; };
  FA844538C6389F8FD2FAFEBA = { isa = PBXResourcesBuildPhase; buildActionMask = 2147483647; files = (); runOnlyForDeploymentPostprocessing = 0; };
  FAABD965BABF9F7A372CDF8D = { isa = PBXContainerItemProxy; containerPortal = 244210E48437B6556980A702; proxyType = 1; remoteGlobalIDString = C427A059BF771B01DCED833C; remoteInfo = MonFlorian; };
  FD2F09899A832C956A29078E = { isa = PBXResourcesBuildPhase; buildActionMask = 2147483647; files = (); runOnlyForDeploymentPostprocessing = 0; };
  FD497BCB472987DBB4C24DBD = { isa = PBXTargetDependency; target = C427A059BF771B01DCED833C; targetProxy = 248B5684303A7557B3D89F7D; };
 };
 rootObject = 244210E48437B6556980A702;
}
